// !$*UTF8*$!
{
	archiveVersion = 1;
	classes = {
	};
	objectVersion = 56;
	objects = {

/* Begin PBXBuildFile section */
		86457A5A29CD2EA50054D5C7 /* main.cpp in Sources */ = {isa = PBXBuildFile; fileRef = 86457A5929CD2EA50054D5C7 /* main.cpp */; };
/* End PBXBuildFile section */

/* Begin PBXFileReference section */
		86457A5629CD2EA50054D5C7 /* chessEngine */ = {isa = PBXFileReference; explicitFileType = "compiled.mach-o.executable"; includeInIndex = 0; path = chessEngine; sourceTree = BUILT_PRODUCTS_DIR; };
		86457A5929CD2EA50054D5C7 /* main.cpp */ = {isa = PBXFileReference; lastKnownFileType = sourcecode.cpp.cpp; path = main.cpp; sourceTree = "<group>"; };
		86457A5C29CD2EA50054D5C7 /* cute_image.jpg */ = {isa = PBXFileReference; lastKnownFileType = image.jpeg; name = cute_image.jpg; path = ../cute_image.jpg; sourceTree = "<group>"; };
		86457A5D29CD2EA50054D5C7 /* nice_music.ogg */ = {isa = PBXFileReference; lastKnownFileType = file; name = nice_music.ogg; path = ../nice_music.ogg; sourceTree = "<group>"; };
		86457A5E29CD2EA50054D5C7 /* sansation.ttf */ = {isa = PBXFileReference; lastKnownFileType = file; name = sansation.ttf; path = ../sansation.ttf; sourceTree = "<group>"; };
		86457A5F29CD2EA50054D5C7 /* icon.png */ = {isa = PBXFileReference; lastKnownFileType = image.png; name = icon.png; path = ../icon.png; sourceTree = "<group>"; };
/* End PBXFileReference section */

/* Begin PBXFrameworksBuildPhase section */
		86457A5429CD2EA50054D5C7 /* Frameworks */ = {
			isa = PBXFrameworksBuildPhase;
			buildActionMask = 2147483647;
			files = (
			);
			runOnlyForDeploymentPostprocessing = 0;
		};
/* End PBXFrameworksBuildPhase section */

/* Begin PBXGroup section */
		86457A4E29CD2EA50054D5C7 = {
			isa = PBXGroup;
			children = (
				86457A5829CD2EA50054D5C7 /* chessEngine */,
				86457A5729CD2EA50054D5C7 /* Products */,
			);
			sourceTree = "<group>";
		};
		86457A5729CD2EA50054D5C7 /* Products */ = {
			isa = PBXGroup;
			children = (
				86457A5629CD2EA50054D5C7 /* chessEngine */,
			);
			name = Products;
			sourceTree = "<group>";
		};
		86457A5829CD2EA50054D5C7 /* chessEngine */ = {
			isa = PBXGroup;
			children = (
				86457A5929CD2EA50054D5C7 /* main.cpp */,
				86457A5B29CD2EA50054D5C7 /* Resources */,
			);
			path = chessEngine;
			sourceTree = "<group>";
		};
		86457A5B29CD2EA50054D5C7 /* Resources */ = {
			isa = PBXGroup;
			children = (
				86457A5C29CD2EA50054D5C7 /* cute_image.jpg */,
				86457A5D29CD2EA50054D5C7 /* nice_music.ogg */,
				86457A5E29CD2EA50054D5C7 /* sansation.ttf */,
				86457A5F29CD2EA50054D5C7 /* icon.png */,
			);
			path = Resources;
			sourceTree = "<group>";
		};
/* End PBXGroup section */

/* Begin PBXNativeTarget section */
		86457A5529CD2EA50054D5C7 /* chessEngine */ = {
			isa = PBXNativeTarget;
			buildConfigurationList = 86457A6229CD2EA50054D5C7 /* Build configuration list for PBXNativeTarget "chessEngine" */;
			buildPhases = (
				86457A5329CD2EA50054D5C7 /* Sources */,
				86457A5429CD2EA50054D5C7 /* Frameworks */,
			);
			buildRules = (
			);
			dependencies = (
			);
			name = chessEngine;
			productName = chessEngine;
			productReference = 86457A5629CD2EA50054D5C7 /* chessEngine */;
			productType = "com.apple.product-type.tool";
		};
/* End PBXNativeTarget section */

/* Begin PBXProject section */
		86457A4F29CD2EA50054D5C7 /* Project object */ = {
			isa = PBXProject;
			attributes = {
				BuildIndependentTargetsInParallel = 1;
				LastUpgradeCheck = 1420;
				ORGANIZATIONNAME = me;
				TargetAttributes = {
					86457A5529CD2EA50054D5C7 = {
						CreatedOnToolsVersion = 14.2;
					};
				};
			};
			buildConfigurationList = 86457A5229CD2EA50054D5C7 /* Build configuration list for PBXProject "chessEngine" */;
			compatibilityVersion = "Xcode 14.0";
			developmentRegion = en;
			hasScannedForEncodings = 0;
			knownRegions = (
				en,
				Base,
			);
			mainGroup = 86457A4E29CD2EA50054D5C7;
			productRefGroup = 86457A5729CD2EA50054D5C7 /* Products */;
			projectDirPath = "";
			projectRoot = "";
			targets = (
				86457A5529CD2EA50054D5C7 /* chessEngine */,
			);
		};
/* End PBXProject section */

/* Begin PBXSourcesBuildPhase section */
		86457A5329CD2EA50054D5C7 /* Sources */ = {
			isa = PBXSourcesBuildPhase;
			buildActionMask = 2147483647;
			files = (
				86457A5A29CD2EA50054D5C7 /* main.cpp in Sources */,
			);
			runOnlyForDeploymentPostprocessing = 0;
		};
/* End PBXSourcesBuildPhase section */

/* Begin XCBuildConfiguration section */
		86457A6029CD2EA50054D5C7 /* Debug */ = {
			isa = XCBuildConfiguration;
			buildSettings = {
				ARCHS = "$(NATIVE_ARCH_ACTUAL)";
				CLANG_CXX_LANGUAGE_STANDARD = "c++11";
				CLANG_CXX_LIBRARY = "libc++";
				FRAMEWORK_SEARCH_PATHS = (
					/Library/Frameworks/,
					"$(inherited)",
				);
				GCC_VERSION = com.apple.compilers.llvm.clang.1_0;
				HEADER_SEARCH_PATHS = (
					/usr/local/include/,
					"$(inherited)",
				);
				LIBRARY_SEARCH_PATHS = (
					/usr/local/lib/,
					"$(inherited)",
				);
				MACOSX_DEPLOYMENT_TARGET = 10.7;
				OTHER_LDFLAGS = (
					"$(inherited)",
					"$(SFML_SYSTEM)",
					"$(SFML_WINDOW)",
					"$(SFML_GRAPHICS)",
					"$(SFML_AUDIO)",
					"$(SFML_NETWORK)",
				);
				SFML_AUDIO = "$(SFML_LINK_PREFIX) sfml-audio$(SFML_LINK_SUFFIX)";
				SFML_BINARY_TYPE = FRAMEWORKS;
				SFML_GRAPHICS = "$(SFML_LINK_PREFIX) sfml-graphics$(SFML_LINK_SUFFIX)";
				SFML_LINK_DYLIBS_PREFIX = "-l";
				SFML_LINK_DYLIBS_SUFFIX = "";
				SFML_LINK_FRAMEWORKS_PREFIX = "-framework";
				SFML_LINK_FRAMEWORKS_SUFFIX = "";
				SFML_LINK_PREFIX = "$(SFML_LINK_$(SFML_BINARY_TYPE)_PREFIX)";
				SFML_LINK_SUFFIX = "$(SFML_LINK_$(SFML_BINARY_TYPE)_SUFFIX)";
				SFML_NETWORK = "$(SFML_LINK_PREFIX) sfml-network$(SFML_LINK_SUFFIX)";
				SFML_SYSTEM = "$(SFML_LINK_PREFIX) sfml-system$(SFML_LINK_SUFFIX)";
				SFML_WINDOW = "$(SFML_LINK_PREFIX) sfml-window$(SFML_LINK_SUFFIX)";
				SUPPORTED_PLATFORMS = macosx;
			};
			name = Debug;
		};
		86457A6129CD2EA50054D5C7 /* Release */ = {
			isa = XCBuildConfiguration;
			buildSettings = {
				ARCHS = "$(NATIVE_ARCH_ACTUAL)";
				CLANG_CXX_LANGUAGE_STANDARD = "c++11";
				CLANG_CXX_LIBRARY = "libc++";
				FRAMEWORK_SEARCH_PATHS = (
					/Library/Frameworks/,
					"$(inherited)",
				);
				GCC_VERSION = com.apple.compilers.llvm.clang.1_0;
				HEADER_SEARCH_PATHS = (
					/usr/local/include/,
					"$(inherited)",
				);
				LIBRARY_SEARCH_PATHS = (
					/usr/local/lib/,
					"$(inherited)",
				);
				MACOSX_DEPLOYMENT_TARGET = 10.7;
				OTHER_LDFLAGS = (
					"$(inherited)",
					"$(SFML_SYSTEM)",
					"$(SFML_WINDOW)",
					"$(SFML_GRAPHICS)",
					"$(SFML_AUDIO)",
					"$(SFML_NETWORK)",
				);
				SFML_AUDIO = "$(SFML_LINK_PREFIX) sfml-audio$(SFML_LINK_SUFFIX)";
				SFML_BINARY_TYPE = FRAMEWORKS;
				SFML_GRAPHICS = "$(SFML_LINK_PREFIX) sfml-graphics$(SFML_LINK_SUFFIX)";
				SFML_LINK_DYLIBS_PREFIX = "-l";
				SFML_LINK_DYLIBS_SUFFIX = "";
				SFML_LINK_FRAMEWORKS_PREFIX = "-framework";
				SFML_LINK_FRAMEWORKS_SUFFIX = "";
				SFML_LINK_PREFIX = "$(SFML_LINK_$(SFML_BINARY_TYPE)_PREFIX)";
				SFML_LINK_SUFFIX = "$(SFML_LINK_$(SFML_BINARY_TYPE)_SUFFIX)";
				SFML_NETWORK = "$(SFML_LINK_PREFIX) sfml-network$(SFML_LINK_SUFFIX)";
				SFML_SYSTEM = "$(SFML_LINK_PREFIX) sfml-system$(SFML_LINK_SUFFIX)";
				SFML_WINDOW = "$(SFML_LINK_PREFIX) sfml-window$(SFML_LINK_SUFFIX)";
				SUPPORTED_PLATFORMS = macosx;
			};
			name = Release;
		};
		86457A6329CD2EA50054D5C7 /* Debug */ = {
			isa = XCBuildConfiguration;
			buildSettings = {
				CODE_SIGN_STYLE = Automatic;
				PRODUCT_NAME = "$(TARGET_NAME)";
			};
			name = Debug;
		};
		86457A6429CD2EA50054D5C7 /* Release */ = {
			isa = XCBuildConfiguration;
			buildSettings = {
				CODE_SIGN_STYLE = Automatic;
				PRODUCT_NAME = "$(TARGET_NAME)";
			};
			name = Release;
		};
/* End XCBuildConfiguration section */

/* Begin XCConfigurationList section */
		86457A5229CD2EA50054D5C7 /* Build configuration list for PBXProject "chessEngine" */ = {
			isa = XCConfigurationList;
			buildConfigurations = (
				86457A6029CD2EA50054D5C7 /* Debug */,
				86457A6129CD2EA50054D5C7 /* Release */,
			);
			defaultConfigurationIsVisible = 0;
			defaultConfigurationName = Release;
		};
		86457A6229CD2EA50054D5C7 /* Build configuration list for PBXNativeTarget "chessEngine" */ = {
			isa = XCConfigurationList;
			buildConfigurations = (
				86457A6329CD2EA50054D5C7 /* Debug */,
				86457A6429CD2EA50054D5C7 /* Release */,
			);
			defaultConfigurationIsVisible = 0;
			defaultConfigurationName = Release;
		};
/* End XCConfigurationList section */
	};
	rootObject = 86457A4F29CD2EA50054D5C7 /* Project object */;
}
